// !$*UTF8*$!
{
	archiveVersion = 1;
	classes = {
	};
	objectVersion = 77;
	objects = {

/* Begin PBXContainerItemProxy section */
		378053AF2E2B809B00965A42 /* PBXContainerItemProxy */ = {
			isa = PBXContainerItemProxy;
			containerPortal = 378053902E2B809800965A42 /* Project object */;
			proxyType = 1;
			remoteGlobalIDString = 378053972E2B809800965A42;
			remoteInfo = FirstSampleIOS;
		};
		378053B92E2B809B00965A42 /* PBXContainerItemProxy */ = {
			isa = PBXContainerItemProxy;
			containerPortal = 378053902E2B809800965A42 /* Project object */;
			proxyType = 1;
			remoteGlobalIDString = 378053972E2B809800965A42;
			remoteInfo = FirstSampleIOS;
		};
/* End PBXContainerItemProxy section */

/* Begin PBXFileReference section */
		378053982E2B809800965A42 /* FirstSampleIOS.app */ = {isa = PBXFileReference; explicitFileType = wrapper.application; includeInIndex = 0; path = FirstSampleIOS.app; sourceTree = BUILT_PRODUCTS_DIR; };
		378053AE2E2B809B00965A42 /* FirstSampleIOSTests.xctest */ = {isa = PBXFileReference; explicitFileType = wrapper.cfbundle; includeInIndex = 0; path = FirstSampleIOSTests.xctest; sourceTree = BUILT_PRODUCTS_DIR; };
		378053B82E2B809B00965A42 /* FirstSampleIOSUITests.xctest */ = {isa = PBXFileReference; explicitFileType = wrapper.cfbundle; includeInIndex = 0; path = FirstSampleIOSUITests.xctest; sourceTree = BUILT_PRODUCTS_DIR; };
/* End PBXFileReference section */

/* Begin PBXFileSystemSynchronizedBuildFileExceptionSet section */
		378053C02E2B809B00965A42 /* Exceptions for "FirstSampleIOS" folder in "FirstSampleIOS" target */ = {
			isa = PBXFileSystemSynchronizedBuildFileExceptionSet;
			membershipExceptions = (
				Info.plist,
			);
			target = 378053972E2B809800965A42 /* FirstSampleIOS */;
		};
/* End PBXFileSystemSynchronizedBuildFileExceptionSet section */

/* Begin PBXFileSystemSynchronizedRootGroup section */
		3780539A2E2B809800965A42 /* FirstSampleIOS */ = {
			isa = PBXFileSystemSynchronizedRootGroup;
			exceptions = (
				378053C02E2B809B00965A42 /* Exceptions for "FirstSampleIOS" folder in "FirstSampleIOS" target */,
			);
			path = FirstSampleIOS;
			sourceTree = "<group>";
		};
		378053B12E2B809B00965A42 /* FirstSampleIOSTests */ = {
			isa = PBXFileSystemSynchronizedRootGroup;
			path = FirstSampleIOSTests;
			sourceTree = "<group>";
		};
		378053BB2E2B809B00965A42 /* FirstSampleIOSUITests */ = {
			isa = PBXFileSystemSynchronizedRootGroup;
			path = FirstSampleIOSUITests;
			sourceTree = "<group>";
		};
/* End PBXFileSystemSynchronizedRootGroup section */

/* Begin PBXFrameworksBuildPhase section */
		378053952E2B809800965A42 /* Frameworks */ = {
			isa = PBXFrameworksBuildPhase;
			buildActionMask = 2147483647;
			files = (
			);
			runOnlyForDeploymentPostprocessing = 0;
		};
		378053AB2E2B809B00965A42 /* Frameworks */ = {
			isa = PBXFrameworksBuildPhase;
			buildActionMask = 2147483647;
			files = (
			);
			runOnlyForDeploymentPostprocessing = 0;
		};
		378053B52E2B809B00965A42 /* Frameworks */ = {
			isa = PBXFrameworksBuildPhase;
			buildActionMask = 2147483647;
			files = (
			);
			runOnlyForDeploymentPostprocessing = 0;
		};
/* End PBXFrameworksBuildPhase section */

/* Begin PBXGroup section */
		3780538F2E2B809800965A42 = {
			isa = PBXGroup;
			children = (
				3780539A2E2B809800965A42 /* FirstSampleIOS */,
				378053B12E2B809B00965A42 /* FirstSampleIOSTests */,
				378053BB2E2B809B00965A42 /* FirstSampleIOSUITests */,
				378053992E2B809800965A42 /* Products */,
			);
			sourceTree = "<group>";
		};
		378053992E2B809800965A42 /* Products */ = {
			isa = PBXGroup;
			children = (
				378053982E2B809800965A42 /* FirstSampleIOS.app */,
				378053AE2E2B809B00965A42 /* FirstSampleIOSTests.xctest */,
				378053B82E2B809B00965A42 /* FirstSampleIOSUITests.xctest */,
			);
			name = Products;
			sourceTree = "<group>";
		};
/* End PBXGroup section */

/* Begin PBXNativeTarget section */
		378053972E2B809800965A42 /* FirstSampleIOS */ = {
			isa = PBXNativeTarget;
			buildConfigurationList = 378053C12E2B809B00965A42 /* Build configuration list for PBXNativeTarget "FirstSampleIOS" */;
			buildPhases = (
				378053942E2B809800965A42 /* Sources */,
				378053952E2B809800965A42 /* Frameworks */,
				378053962E2B809800965A42 /* Resources */,
			);
			buildRules = (
			);
			dependencies = (
			);
			fileSystemSynchronizedGroups = (
				3780539A2E2B809800965A42 /* FirstSampleIOS */,
			);
			name = FirstSampleIOS;
			packageProductDependencies = (
			);
			productName = FirstSampleIOS;
			productReference = 378053982E2B809800965A42 /* FirstSampleIOS.app */;
			productType = "com.apple.product-type.application";
		};
		378053AD2E2B809B00965A42 /* FirstSampleIOSTests */ = {
			isa = PBXNativeTarget;
			buildConfigurationList = 378053C62E2B809B00965A42 /* Build configuration list for PBXNativeTarget "FirstSampleIOSTests" */;
			buildPhases = (
				378053AA2E2B809B00965A42 /* Sources */,
				378053AB2E2B809B00965A42 /* Frameworks */,
				378053AC2E2B809B00965A42 /* Resources */,
			);
			buildRules = (
			);
			dependencies = (
				378053B02E2B809B00965A42 /* PBXTargetDependency */,
			);
			fileSystemSynchronizedGroups = (
				378053B12E2B809B00965A42 /* FirstSampleIOSTests */,
			);
			name = FirstSampleIOSTests;
			packageProductDependencies = (
			);
			productName = FirstSampleIOSTests;
			productReference = 378053AE2E2B809B00965A42 /* FirstSampleIOSTests.xctest */;
			productType = "com.apple.product-type.bundle.unit-test";
		};
		378053B72E2B809B00965A42 /* FirstSampleIOSUITests */ = {
			isa = PBXNativeTarget;
			buildConfigurationList = 378053C92E2B809B00965A42 /* Build configuration list for PBXNativeTarget "FirstSampleIOSUITests" */;
			buildPhases = (
				378053B42E2B809B00965A42 /* Sources */,
				378053B52E2B809B00965A42 /* Frameworks */,
				378053B62E2B809B00965A42 /* Resources */,
			);
			buildRules = (
			);
			dependencies = (
				378053BA2E2B809B00965A42 /* PBXTargetDependency */,
			);
			fileSystemSynchronizedGroups = (
				378053BB2E2B809B00965A42 /* FirstSampleIOSUITests */,
			);
			name = FirstSampleIOSUITests;
			packageProductDependencies = (
			);
			productName = FirstSampleIOSUITests;
			productReference = 378053B82E2B809B00965A42 /* FirstSampleIOSUITests.xctest */;
			productType = "com.apple.product-type.bundle.ui-testing";
		};
/* End PBXNativeTarget section */

/* Begin PBXProject section */
		378053902E2B809800965A42 /* Project object */ = {
			isa = PBXProject;
			attributes = {
				BuildIndependentTargetsInParallel = 1;
				LastSwiftUpdateCheck = 1620;
				LastUpgradeCheck = 1620;
				TargetAttributes = {
					378053972E2B809800965A42 = {
						CreatedOnToolsVersion = 16.2;
					};
					378053AD2E2B809B00965A42 = {
						CreatedOnToolsVersion = 16.2;
						TestTargetID = 378053972E2B809800965A42;
					};
					378053B72E2B809B00965A42 = {
						CreatedOnToolsVersion = 16.2;
						TestTargetID = 378053972E2B809800965A42;
					};
				};
			};
			buildConfigurationList = 378053932E2B809800965A42 /* Build configuration list for PBXProject "FirstSampleIOS" */;
			developmentRegion = en;
			hasScannedForEncodings = 0;
			knownRegions = (
				en,
				Base,
			);
			mainGroup = 3780538F2E2B809800965A42;
			minimizedProjectReferenceProxies = 1;
			preferredProjectObjectVersion = 77;
			productRefGroup = 378053992E2B809800965A42 /* Products */;
			projectDirPath = "";
			projectRoot = "";
			targets = (
				378053972E2B809800965A42 /* FirstSampleIOS */,
				378053AD2E2B809B00965A42 /* FirstSampleIOSTests */,
				378053B72E2B809B00965A42 /* FirstSampleIOSUITests */,
			);
		};
/* End PBXProject section */

/* Begin PBXResourcesBuildPhase section */
		378053962E2B809800965A42 /* Resources */ = {
			isa = PBXResourcesBuildPhase;
			buildActionMask = 2147483647;
			files = (
			);
			runOnlyForDeploymentPostprocessing = 0;
		};
		378053AC2E2B809B00965A42 /* Resources */ = {
			isa = PBXResourcesBuildPhase;
			buildActionMask = 2147483647;
			files = (
			);
			runOnlyForDeploymentPostprocessing = 0;
		};
		378053B62E2B809B00965A42 /* Resources */ = {
			isa = PBXResourcesBuildPhase;
			buildActionMask = 2147483647;
			files = (
			);
			runOnlyForDeploymentPostprocessing = 0;
		};
/* End PBXResourcesBuildPhase section */

/* Begin PBXSourcesBuildPhase section */
		378053942E2B809800965A42 /* Sources */ = {
			isa = PBXSourcesBuildPhase;
			buildActionMask = 2147483647;
			files = (
			);
			runOnlyForDeploymentPostprocessing = 0;
		};
		378053AA2E2B809B00965A42 /* Sources */ = {
			isa = PBXSourcesBuildPhase;
			buildActionMask = 2147483647;
			files = (
			);
			runOnlyForDeploymentPostprocessing = 0;
		};
		378053B42E2B809B00965A42 /* Sources */ = {
			isa = PBXSourcesBuildPhase;
			buildActionMask = 2147483647;
			files = (
			);
			runOnlyForDeploymentPostprocessing = 0;
		};
/* End PBXSourcesBuildPhase section */

/* Begin PBXTargetDependency section */
		378053B02E2B809B00965A42 /* PBXTargetDependency */ = {
			isa = PBXTargetDependency;
			target = 378053972E2B809800965A42 /* FirstSampleIOS */;
			targetProxy = 378053AF2E2B809B00965A42 /* PBXContainerItemProxy */;
		};
		378053BA2E2B809B00965A42 /* PBXTargetDependency */ = {
			isa = PBXTargetDependency;
			target = 378053972E2B809800965A42 /* FirstSampleIOS */;
			targetProxy = 378053B92E2B809B00965A42 /* PBXContainerItemProxy */;
		};
/* End PBXTargetDependency section */

/* Begin XCBuildConfiguration section */
		378053C22E2B809B00965A42 /* Debug */ = {
			isa = XCBuildConfiguration;
			buildSettings = {
				ASSETCATALOG_COMPILER_APPICON_NAME = AppIcon;
				ASSETCATALOG_COMPILER_GLOBAL_ACCENT_COLOR_NAME = AccentColor;
				CODE_SIGN_STYLE = Automatic;
				CURRENT_PROJECT_VERSION = 1;
				DEVELOPMENT_TEAM = MGLHSQ527C;
				GENERATE_INFOPLIST_FILE = YES;
				INFOPLIST_FILE = FirstSampleIOS/Info.plist;
				INFOPLIST_KEY_UIApplicationSupportsIndirectInputEvents = YES;
				INFOPLIST_KEY_UILaunchStoryboardName = LaunchScreen;
				INFOPLIST_KEY_UIMainStoryboardFile = Main;
				INFOPLIST_KEY_UISupportedInterfaceOrientations_iPad = "UIInterfaceOrientationPortrait UIInterfaceOrientationPortraitUpsideDown UIInterfaceOrientationLandscapeLeft UIInterfaceOrientationLandscapeRight";
				INFOPLIST_KEY_UISupportedInterfaceOrientations_iPhone = "UIInterfaceOrientationPortrait UIInterfaceOrientationLandscapeLeft UIInterfaceOrientationLandscapeRight";
				IPHONEOS_DEPLOYMENT_TARGET = 16;
				LD_RUNPATH_SEARCH_PATHS = (
					"$(inherited)",
					"@executable_path/Frameworks",
				);
				MARKETING_VERSION = 1.0;
				PRODUCT_BUNDLE_IDENTIFIER = org.FirstSampleIOS;
				PRODUCT_NAME = "$(TARGET_NAME)";
				SWIFT_EMIT_LOC_STRINGS = YES;
				SWIFT_VERSION = 5.0;
				TARGETED_DEVICE_FAMILY = "1,2";
			};
			name = Debug;
		};
		378053C32E2B809B00965A42 /* Release */ = {
			isa = XCBuildConfiguration;
			buildSettings = {
				ASSETCATALOG_COMPILER_APPICON_NAME = AppIcon;
				ASSETCATALOG_COMPILER_GLOBAL_ACCENT_COLOR_NAME = AccentColor;
				CODE_SIGN_STYLE = Automatic;
				CURRENT_PROJECT_VERSION = 1;
				DEVELOPMENT_TEAM = MGLHSQ527C;
				GENERATE_INFOPLIST_FILE = YES;
				INFOPLIST_FILE = FirstSampleIOS/Info.plist;
				INFOPLIST_KEY_UIApplicationSupportsIndirectInputEvents = YES;
				INFOPLIST_KEY_UILaunchStoryboardName = LaunchScreen;
				INFOPLIST_KEY_UIMainStoryboardFile = Main;
				INFOPLIST_KEY_UISupportedInterfaceOrientations_iPad = "UIInterfaceOrientationPortrait UIInterfaceOrientationPortraitUpsideDown UIInterfaceOrientationLandscapeLeft UIInterfaceOrientationLandscapeRight";
				INFOPLIST_KEY_UISupportedInterfaceOrientations_iPhone = "UIInterfaceOrientationPortrait UIInterfaceOrientationLandscapeLeft UIInterfaceOrientationLandscapeRight";
				IPHONEOS_DEPLOYMENT_TARGET = 16;
				LD_RUNPATH_SEARCH_PATHS = (
					"$(inherited)",
					"@executable_path/Frameworks",
				);
				MARKETING_VERSION = 1.0;
				PRODUCT_BUNDLE_IDENTIFIER = org.FirstSampleIOS;
				PRODUCT_NAME = "$(TARGET_NAME)";
				SWIFT_EMIT_LOC_STRINGS = YES;
				SWIFT_VERSION = 5.0;
				TARGETED_DEVICE_FAMILY = "1,2";
			};
			name = Release;
		};
		378053C42E2B809B00965A42 /* Debug */ = {
			isa = XCBuildConfiguration;
			buildSettings = {
				ALWAYS_SEARCH_USER_PATHS = NO;
				ASSETCATALOG_COMPILER_GENERATE_SWIFT_ASSET_SYMBOL_EXTENSIONS = YES;
				CLANG_ANALYZER_NONNULL = YES;
				CLANG_ANALYZER_NUMBER_OBJECT_CONVERSION = YES_AGGRESSIVE;
				CLANG_CXX_LANGUAGE_STANDARD = "gnu++20";
				CLANG_ENABLE_MODULES = YES;
				CLANG_ENABLE_OBJC_ARC = YES;
				CLANG_ENABLE_OBJC_WEAK = YES;
				CLANG_WARN_BLOCK_CAPTURE_AUTORELEASING = YES;
				CLANG_WARN_BOOL_CONVERSION = YES;
				CLANG_WARN_COMMA = YES;
				CLANG_WARN_CONSTANT_CONVERSION = YES;
				CLANG_WARN_DEPRECATED_OBJC_IMPLEMENTATIONS = YES;
				CLANG_WARN_DIRECT_OBJC_ISA_USAGE = YES_ERROR;
				CLANG_WARN_DOCUMENTATION_COMMENTS = YES;
				CLANG_WARN_EMPTY_BODY = YES;
				CLANG_WARN_ENUM_CONVERSION = YES;
				CLANG_WARN_INFINITE_RECURSION = YES;
				CLANG_WARN_INT_CONVERSION = YES;
				CLANG_WARN_NON_LITERAL_NULL_CONVERSION = YES;
				CLANG_WARN_OBJC_IMPLICIT_RETAIN_SELF = YES;
				CLANG_WARN_OBJC_LITERAL_CONVERSION = YES;
				CLANG_WARN_OBJC_ROOT_CLASS = YES_ERROR;
				CLANG_WARN_QUOTED_INCLUDE_IN_FRAMEWORK_HEADER = YES;
				CLANG_WARN_RANGE_LOOP_ANALYSIS = YES;
				CLANG_WARN_STRICT_PROTOTYPES = YES;
				CLANG_WARN_SUSPICIOUS_MOVE = YES;
				CLANG_WARN_UNGUARDED_AVAILABILITY = YES_AGGRESSIVE;
				CLANG_WARN_UNREACHABLE_CODE = YES;
				CLANG_WARN__DUPLICATE_METHOD_MATCH = YES;
				COPY_PHASE_STRIP = NO;
				DEBUG_INFORMATION_FORMAT = dwarf;
				ENABLE_STRICT_OBJC_MSGSEND = YES;
				ENABLE_TESTABILITY = YES;
				ENABLE_USER_SCRIPT_SANDBOXING = YES;
				GCC_C_LANGUAGE_STANDARD = gnu17;
				GCC_DYNAMIC_NO_PIC = NO;
				GCC_NO_COMMON_BLOCKS = YES;
				GCC_OPTIMIZATION_LEVEL = 0;
				GCC_PREPROCESSOR_DEFINITIONS = (
					"DEBUG=1",
					"$(inherited)",
				);
				GCC_WARN_64_TO_32_BIT_CONVERSION = YES;
				GCC_WARN_ABOUT_RETURN_TYPE = YES_ERROR;
				GCC_WARN_UNDECLARED_SELECTOR = YES;
				GCC_WARN_UNINITIALIZED_AUTOS = YES_AGGRESSIVE;
				GCC_WARN_UNUSED_FUNCTION = YES;
				GCC_WARN_UNUSED_VARIABLE = YES;
				IPHONEOS_DEPLOYMENT_TARGET = 18.2;
				LOCALIZATION_PREFERS_STRING_CATALOGS = YES;
				MTL_ENABLE_DEBUG_INFO = INCLUDE_SOURCE;
				MTL_FAST_MATH = YES;
				ONLY_ACTIVE_ARCH = YES;
				SDKROOT = iphoneos;
				SWIFT_ACTIVE_COMPILATION_CONDITIONS = "DEBUG $(inherited)";
				SWIFT_OPTIMIZATION_LEVEL = "-Onone";
			};
			name = Debug;
		};
		378053C52E2B809B00965A42 /* Release */ = {
			isa = XCBuildConfiguration;
			buildSettings = {
				ALWAYS_SEARCH_USER_PATHS = NO;
				ASSETCATALOG_COMPILER_GENERATE_SWIFT_ASSET_SYMBOL_EXTENSIONS = YES;
				CLANG_ANALYZER_NONNULL = YES;
				CLANG_ANALYZER_NUMBER_OBJECT_CONVERSION = YES_AGGRESSIVE;
				CLANG_CXX_LANGUAGE_STANDARD = "gnu++20";
				CLANG_ENABLE_MODULES = YES;
				CLANG_ENABLE_OBJC_ARC = YES;
				CLANG_ENABLE_OBJC_WEAK = YES;
				CLANG_WARN_BLOCK_CAPTURE_AUTORELEASING = YES;
				CLANG_WARN_BOOL_CONVERSION = YES;
				CLANG_WARN_COMMA = YES;
				CLANG_WARN_CONSTANT_CONVERSION = YES;
				CLANG_WARN_DEPRECATED_OBJC_IMPLEMENTATIONS = YES;
				CLANG_WARN_DIRECT_OBJC_ISA_USAGE = YES_ERROR;
				CLANG_WARN_DOCUMENTATION_COMMENTS = YES;
				CLANG_WARN_EMPTY_BODY = YES;
				CLANG_WARN_ENUM_CONVERSION = YES;
				CLANG_WARN_INFINITE_RECURSION = YES;
				CLANG_WARN_INT_CONVERSION = YES;
				CLANG_WARN_NON_LITERAL_NULL_CONVERSION = YES;
				CLANG_WARN_OBJC_IMPLICIT_RETAIN_SELF = YES;
				CLANG_WARN_OBJC_LITERAL_CONVERSION = YES;
				CLANG_WARN_OBJC_ROOT_CLASS = YES_ERROR;
				CLANG_WARN_QUOTED_INCLUDE_IN_FRAMEWORK_HEADER = YES;
				CLANG_WARN_RANGE_LOOP_ANALYSIS = YES;
				CLANG_WARN_STRICT_PROTOTYPES = YES;
				CLANG_WARN_SUSPICIOUS_MOVE = YES;
				CLANG_WARN_UNGUARDED_AVAILABILITY = YES_AGGRESSIVE;
				CLANG_WARN_UNREACHABLE_CODE = YES;
				CLANG_WARN__DUPLICATE_METHOD_MATCH = YES;
				COPY_PHASE_STRIP = NO;
				DEBUG_INFORMATION_FORMAT = "dwarf-with-dsym";
				ENABLE_NS_ASSERTIONS = NO;
				ENABLE_STRICT_OBJC_MSGSEND = YES;
				ENABLE_USER_SCRIPT_SANDBOXING = YES;
				GCC_C_LANGUAGE_STANDARD = gnu17;
				GCC_NO_COMMON_BLOCKS = YES;
				GCC_WARN_64_TO_32_BIT_CONVERSION = YES;
				GCC_WARN_ABOUT_RETURN_TYPE = YES_ERROR;
				GCC_WARN_UNDECLARED_SELECTOR = YES;
				GCC_WARN_UNINITIALIZED_AUTOS = YES_AGGRESSIVE;
				GCC_WARN_UNUSED_FUNCTION = YES;
				GCC_WARN_UNUSED_VARIABLE = YES;
				IPHONEOS_DEPLOYMENT_TARGET = 18.2;
				LOCALIZATION_PREFERS_STRING_CATALOGS = YES;
				MTL_ENABLE_DEBUG_INFO = NO;
				MTL_FAST_MATH = YES;
				SDKROOT = iphoneos;
				SWIFT_COMPILATION_MODE = wholemodule;
				VALIDATE_PRODUCT = YES;
			};
			name = Release;
		};
		378053C72E2B809B00965A42 /* Debug */ = {
			isa = XCBuildConfiguration;
			buildSettings = {
				BUNDLE_LOADER = "$(TEST_HOST)";
				CODE_SIGN_STYLE = Automatic;
				CURRENT_PROJECT_VERSION = 1;
				DEVELOPMENT_TEAM = MGLHSQ527C;
				GENERATE_INFOPLIST_FILE = YES;
				IPHONEOS_DEPLOYMENT_TARGET = 18.2;
				MARKETING_VERSION = 1.0;
				PRODUCT_BUNDLE_IDENTIFIER = org.FirstSampleIOSTests;
				PRODUCT_NAME = "$(TARGET_NAME)";
				SWIFT_EMIT_LOC_STRINGS = NO;
				SWIFT_VERSION = 5.0;
				TARGETED_DEVICE_FAMILY = "1,2";
				TEST_HOST = "$(BUILT_PRODUCTS_DIR)/FirstSampleIOS.app/$(BUNDLE_EXECUTABLE_FOLDER_PATH)/FirstSampleIOS";
			};
			name = Debug;
		};
		378053C82E2B809B00965A42 /* Release */ = {
			isa = XCBuildConfiguration;
			buildSettings = {
				BUNDLE_LOADER = "$(TEST_HOST)";
				CODE_SIGN_STYLE = Automatic;
				CURRENT_PROJECT_VERSION = 1;
				DEVELOPMENT_TEAM = MGLHSQ527C;
				GENERATE_INFOPLIST_FILE = YES;
				IPHONEOS_DEPLOYMENT_TARGET = 18.2;
				MARKETING_VERSION = 1.0;
				PRODUCT_BUNDLE_IDENTIFIER = org.FirstSampleIOSTests;
				PRODUCT_NAME = "$(TARGET_NAME)";
				SWIFT_EMIT_LOC_STRINGS = NO;
				SWIFT_VERSION = 5.0;
				TARGETED_DEVICE_FAMILY = "1,2";
				TEST_HOST = "$(BUILT_PRODUCTS_DIR)/FirstSampleIOS.app/$(BUNDLE_EXECUTABLE_FOLDER_PATH)/FirstSampleIOS";
			};
			name = Release;
		};
		378053CA2E2B809B00965A42 /* Debug */ = {
			isa = XCBuildConfiguration;
			buildSettings = {
				CODE_SIGN_STYLE = Automatic;
				CURRENT_PROJECT_VERSION = 1;
				DEVELOPMENT_TEAM = MGLHSQ527C;
				GENERATE_INFOPLIST_FILE = YES;
				MARKETING_VERSION = 1.0;
				PRODUCT_BUNDLE_IDENTIFIER = org.FirstSampleIOSUITests;
				PRODUCT_NAME = "$(TARGET_NAME)";
				SWIFT_EMIT_LOC_STRINGS = NO;
				SWIFT_VERSION = 5.0;
				TARGETED_DEVICE_FAMILY = "1,2";
				TEST_TARGET_NAME = FirstSampleIOS;
			};
			name = Debug;
		};
		378053CB2E2B809B00965A42 /* Release */ = {
			isa = XCBuildConfiguration;
			buildSettings = {
				CODE_SIGN_STYLE = Automatic;
				CURRENT_PROJECT_VERSION = 1;
				DEVELOPMENT_TEAM = MGLHSQ527C;
				GENERATE_INFOPLIST_FILE = YES;
				MARKETING_VERSION = 1.0;
				PRODUCT_BUNDLE_IDENTIFIER = org.FirstSampleIOSUITests;
				PRODUCT_NAME = "$(TARGET_NAME)";
				SWIFT_EMIT_LOC_STRINGS = NO;
				SWIFT_VERSION = 5.0;
				TARGETED_DEVICE_FAMILY = "1,2";
				TEST_TARGET_NAME = FirstSampleIOS;
			};
			name = Release;
		};
/* End XCBuildConfiguration section */

/* Begin XCConfigurationList section */
		378053932E2B809800965A42 /* Build configuration list for PBXProject "FirstSampleIOS" */ = {
			isa = XCConfigurationList;
			buildConfigurations = (
				378053C42E2B809B00965A42 /* Debug */,
				378053C52E2B809B00965A42 /* Release */,
			);
			defaultConfigurationIsVisible = 0;
			defaultConfigurationName = Release;
		};
		378053C12E2B809B00965A42 /* Build configuration list for PBXNativeTarget "FirstSampleIOS" */ = {
			isa = XCConfigurationList;
			buildConfigurations = (
				378053C22E2B809B00965A42 /* Debug */,
				378053C32E2B809B00965A42 /* Release */,
			);
			defaultConfigurationIsVisible = 0;
			defaultConfigurationName = Release;
		};
		378053C62E2B809B00965A42 /* Build configuration list for PBXNativeTarget "FirstSampleIOSTests" */ = {
			isa = XCConfigurationList;
			buildConfigurations = (
				378053C72E2B809B00965A42 /* Debug */,
				378053C82E2B809B00965A42 /* Release */,
			);
			defaultConfigurationIsVisible = 0;
			defaultConfigurationName = Release;
		};
		378053C92E2B809B00965A42 /* Build configuration list for PBXNativeTarget "FirstSampleIOSUITests" */ = {
			isa = XCConfigurationList;
			buildConfigurations = (
				378053CA2E2B809B00965A42 /* Debug */,
				378053CB2E2B809B00965A42 /* Release */,
			);
			defaultConfigurationIsVisible = 0;
			defaultConfigurationName = Release;
		};
/* End XCConfigurationList section */
	};
	rootObject = 378053902E2B809800965A42 /* Project object */;
}
